
Microsoft Visual Studio Solution File, Format Version 11.00
# Visual C++ Express 2010
Project("{8BC9CEB8-8B4A-11D0-8D11-00A0C91BC942}") = "GameCore", "GameCore.vcxproj", "{461C43FA-8650-4F81-85D6-B0A2535F1EEA}"
EndProject
Global
	GlobalSection(SolutionConfigurationPlatforms) = preSolution
		Debug|Win32 = Debug|Win32
		Release|Win32 = Release|Win32
	EndGlobalSection
	GlobalSection(ProjectConfigurationPlatforms) = postSolution
		{461C43FA-8650-4F81-85D6-B0A2535F1EEA}.Debug|Win32.ActiveCfg = Debug|Win32
		{461C43FA-8650-4F81-85D6-B0A2535F1EEA}.Debug|Win32.Build.0 = Debug|Win32
		{461C43FA-8650-4F81-85D6-B0A2535F1EEA}.Release|Win32.ActiveCfg = Release|Win32
		{461C43FA-8650-4F81-85D6-B0A2535F1EEA}.Release|Win32.Build.0 = Release|Win32
	EndGlobalSection
	GlobalSection(SolutionProperties) = preSolution
		HideSolutionNode = FALSE
	EndGlobalSection
EndGlobal
